
Microsoft Visual Studio Solution File, Format Version 12.00
# Visual Studio Version 17
VisualStudioVersion = 17.1.32328.378
MinimumVisualStudioVersion = 10.0.40219.1
Project("{2150E333-8FDC-42A3-9474-1A3956D46DE8}") = "Server", "Server", "{96259134-72D4-4092-AB64-1A2537CF008E}"
EndProject
Project("{9A19103F-16F7-4668-BE54-9A1E7A4F7556}") = "PhBkEntity", "PhBkEntity\PhBkEntity.csproj", "{D188F6AC-5FFF-4393-812A-B162F1223A80}"
EndProject
Project("{9A19103F-16F7-4668-BE54-9A1E7A4F7556}") = "PhBkContext", "PhBkContext\PhBkContext.csproj", "{612BA317-CCCC-4E0F-8859-B778B806DA48}"
EndProject
Project("{9A19103F-16F7-4668-BE54-9A1E7A4F7556}") = "PhBkViews", "PhBkViews\PhBkViews.csproj", "{0F2F94C8-41CE-46D8-AFA5-905ED5229622}"
EndProject
Project("{9A19103F-16F7-4668-BE54-9A1E7A4F7556}") = "PhBkWebApp", "PhBkWebApp\PhBkWebApp.csproj", "{CF038F31-CC94-46BE-8442-0D2AF00B674C}"
EndProject
Project("{2150E333-8FDC-42A3-9474-1A3956D46DE8}") = "Client", "Client", "{AFB11FB7-A36D-4145-9F32-5FA3757272F5}"
EndProject
Project("{9A19103F-16F7-4668-BE54-9A1E7A4F7556}") = "PhBkControllers", "PhBkControllers\PhBkControllers.csproj", "{956E5421-5FE6-48CD-81B6-B49B696DB518}"
EndProject
Project("{9A19103F-16F7-4668-BE54-9A1E7A4F7556}") = "LpPhBkEntity", "LpPhBkEntity\LpPhBkEntity.csproj", "{BC718038-8AC2-421C-A0C4-E2C1738D3E4B}"
EndProject
Project("{9A19103F-16F7-4668-BE54-9A1E7A4F7556}") = "LpPhBkContext", "LpPhBkContext\LpPhBkContext.csproj", "{14AA2ECD-F845-482C-B56C-3871EF393C4A}"
EndProject
Project("{9A19103F-16F7-4668-BE54-9A1E7A4F7556}") = "LpPhBkViews", "LpPhBkViews\LpPhBkViews.csproj", "{CC74501C-8D56-45FC-817E-1AB0D021AAD7}"
EndProject
Project("{9A19103F-16F7-4668-BE54-9A1E7A4F7556}") = "LpPhBkControllers", "LpPhBkControllers\LpPhBkControllers.csproj", "{EE9ADEF6-4C0C-4E78-B1EB-E97FC137A2D2}"
EndProject
Project("{9A19103F-16F7-4668-BE54-9A1E7A4F7556}") = "LpPhBkWebApp", "LpPhBkWebApp\LpPhBkWebApp.csproj", "{33D9093C-DFD0-470B-8038-1E4CD0737BD5}"
EndProject
Global
	GlobalSection(SolutionConfigurationPlatforms) = preSolution
		Debug|Any CPU = Debug|Any CPU
		Debug|x64 = Debug|x64
		Debug|x86 = Debug|x86
		Release|Any CPU = Release|Any CPU
		Release|x64 = Release|x64
		Release|x86 = Release|x86
	EndGlobalSection
	GlobalSection(ProjectConfigurationPlatforms) = postSolution
		{D188F6AC-5FFF-4393-812A-B162F1223A80}.Debug|Any CPU.ActiveCfg = Debug|Any CPU
		{D188F6AC-5FFF-4393-812A-B162F1223A80}.Debug|Any CPU.Build.0 = Debug|Any CPU
		{D188F6AC-5FFF-4393-812A-B162F1223A80}.Debug|x64.ActiveCfg = Debug|Any CPU
		{D188F6AC-5FFF-4393-812A-B162F1223A80}.Debug|x64.Build.0 = Debug|Any CPU
		{D188F6AC-5FFF-4393-812A-B162F1223A80}.Debug|x86.ActiveCfg = Debug|Any CPU
		{D188F6AC-5FFF-4393-812A-B162F1223A80}.Debug|x86.Build.0 = Debug|Any CPU
		{D188F6AC-5FFF-4393-812A-B162F1223A80}.Release|Any CPU.ActiveCfg = Release|Any CPU
		{D188F6AC-5FFF-4393-812A-B162F1223A80}.Release|Any CPU.Build.0 = Release|Any CPU
		{D188F6AC-5FFF-4393-812A-B162F1223A80}.Release|x64.ActiveCfg = Release|Any CPU
		{D188F6AC-5FFF-4393-812A-B162F1223A80}.Release|x64.Build.0 = Release|Any CPU
		{D188F6AC-5FFF-4393-812A-B162F1223A80}.Release|x86.ActiveCfg = Release|Any CPU
		{D188F6AC-5FFF-4393-812A-B162F1223A80}.Release|x86.Build.0 = Release|Any CPU
		{612BA317-CCCC-4E0F-8859-B778B806DA48}.Debug|Any CPU.ActiveCfg = Debug|Any CPU
		{612BA317-CCCC-4E0F-8859-B778B806DA48}.Debug|Any CPU.Build.0 = Debug|Any CPU
		{612BA317-CCCC-4E0F-8859-B778B806DA48}.Debug|x64.ActiveCfg = Debug|Any CPU
		{612BA317-CCCC-4E0F-8859-B778B806DA48}.Debug|x64.Build.0 = Debug|Any CPU
		{612BA317-CCCC-4E0F-8859-B778B806DA48}.Debug|x86.ActiveCfg = Debug|Any CPU
		{612BA317-CCCC-4E0F-8859-B778B806DA48}.Debug|x86.Build.0 = Debug|Any CPU
		{612BA317-CCCC-4E0F-8859-B778B806DA48}.Release|Any CPU.ActiveCfg = Release|Any CPU
		{612BA317-CCCC-4E0F-8859-B778B806DA48}.Release|Any CPU.Build.0 = Release|Any CPU
		{612BA317-CCCC-4E0F-8859-B778B806DA48}.Release|x64.ActiveCfg = Release|Any CPU
		{612BA317-CCCC-4E0F-8859-B778B806DA48}.Release|x64.Build.0 = Release|Any CPU
		{612BA317-CCCC-4E0F-8859-B778B806DA48}.Release|x86.ActiveCfg = Release|Any CPU
		{612BA317-CCCC-4E0F-8859-B778B806DA48}.Release|x86.Build.0 = Release|Any CPU
		{0F2F94C8-41CE-46D8-AFA5-905ED5229622}.Debug|Any CPU.ActiveCfg = Debug|Any CPU
		{0F2F94C8-41CE-46D8-AFA5-905ED5229622}.Debug|Any CPU.Build.0 = Debug|Any CPU
		{0F2F94C8-41CE-46D8-AFA5-905ED5229622}.Debug|x64.ActiveCfg = Debug|Any CPU
		{0F2F94C8-41CE-46D8-AFA5-905ED5229622}.Debug|x64.Build.0 = Debug|Any CPU
		{0F2F94C8-41CE-46D8-AFA5-905ED5229622}.Debug|x86.ActiveCfg = Debug|Any CPU
		{0F2F94C8-41CE-46D8-AFA5-905ED5229622}.Debug|x86.Build.0 = Debug|Any CPU
		{0F2F94C8-41CE-46D8-AFA5-905ED5229622}.Release|Any CPU.ActiveCfg = Release|Any CPU
		{0F2F94C8-41CE-46D8-AFA5-905ED5229622}.Release|Any CPU.Build.0 = Release|Any CPU
		{0F2F94C8-41CE-46D8-AFA5-905ED5229622}.Release|x64.ActiveCfg = Release|Any CPU
		{0F2F94C8-41CE-46D8-AFA5-905ED5229622}.Release|x64.Build.0 = Release|Any CPU
		{0F2F94C8-41CE-46D8-AFA5-905ED5229622}.Release|x86.ActiveCfg = Release|Any CPU
		{0F2F94C8-41CE-46D8-AFA5-905ED5229622}.Release|x86.Build.0 = Release|Any CPU
		{CF038F31-CC94-46BE-8442-0D2AF00B674C}.Debug|Any CPU.ActiveCfg = Debug|Any CPU
		{CF038F31-CC94-46BE-8442-0D2AF00B674C}.Debug|Any CPU.Build.0 = Debug|Any CPU
		{CF038F31-CC94-46BE-8442-0D2AF00B674C}.Debug|x64.ActiveCfg = Debug|Any CPU
		{CF038F31-CC94-46BE-8442-0D2AF00B674C}.Debug|x64.Build.0 = Debug|Any CPU
		{CF038F31-CC94-46BE-8442-0D2AF00B674C}.Debug|x86.ActiveCfg = Debug|Any CPU
		{CF038F31-CC94-46BE-8442-0D2AF00B674C}.Debug|x86.Build.0 = Debug|Any CPU
		{CF038F31-CC94-46BE-8442-0D2AF00B674C}.Release|Any CPU.ActiveCfg = Release|Any CPU
		{CF038F31-CC94-46BE-8442-0D2AF00B674C}.Release|Any CPU.Build.0 = Release|Any CPU
		{CF038F31-CC94-46BE-8442-0D2AF00B674C}.Release|x64.ActiveCfg = Release|Any CPU
		{CF038F31-CC94-46BE-8442-0D2AF00B674C}.Release|x64.Build.0 = Release|Any CPU
		{CF038F31-CC94-46BE-8442-0D2AF00B674C}.Release|x86.ActiveCfg = Release|Any CPU
		{CF038F31-CC94-46BE-8442-0D2AF00B674C}.Release|x86.Build.0 = Release|Any CPU
		{956E5421-5FE6-48CD-81B6-B49B696DB518}.Debug|Any CPU.ActiveCfg = Debug|Any CPU
		{956E5421-5FE6-48CD-81B6-B49B696DB518}.Debug|Any CPU.Build.0 = Debug|Any CPU
		{956E5421-5FE6-48CD-81B6-B49B696DB518}.Debug|x64.ActiveCfg = Debug|Any CPU
		{956E5421-5FE6-48CD-81B6-B49B696DB518}.Debug|x64.Build.0 = Debug|Any CPU
		{956E5421-5FE6-48CD-81B6-B49B696DB518}.Debug|x86.ActiveCfg = Debug|Any CPU
		{956E5421-5FE6-48CD-81B6-B49B696DB518}.Debug|x86.Build.0 = Debug|Any CPU
		{956E5421-5FE6-48CD-81B6-B49B696DB518}.Release|Any CPU.ActiveCfg = Release|Any CPU
		{956E5421-5FE6-48CD-81B6-B49B696DB518}.Release|Any CPU.Build.0 = Release|Any CPU
		{956E5421-5FE6-48CD-81B6-B49B696DB518}.Release|x64.ActiveCfg = Release|Any CPU
		{956E5421-5FE6-48CD-81B6-B49B696DB518}.Release|x64.Build.0 = Release|Any CPU
		{956E5421-5FE6-48CD-81B6-B49B696DB518}.Release|x86.ActiveCfg = Release|Any CPU
		{956E5421-5FE6-48CD-81B6-B49B696DB518}.Release|x86.Build.0 = Release|Any CPU
		{BC718038-8AC2-421C-A0C4-E2C1738D3E4B}.Debug|Any CPU.ActiveCfg = Debug|Any CPU
		{BC718038-8AC2-421C-A0C4-E2C1738D3E4B}.Debug|Any CPU.Build.0 = Debug|Any CPU
		{BC718038-8AC2-421C-A0C4-E2C1738D3E4B}.Debug|x64.ActiveCfg = Debug|Any CPU
		{BC718038-8AC2-421C-A0C4-E2C1738D3E4B}.Debug|x64.Build.0 = Debug|Any CPU
		{BC718038-8AC2-421C-A0C4-E2C1738D3E4B}.Debug|x86.ActiveCfg = Debug|Any CPU
		{BC718038-8AC2-421C-A0C4-E2C1738D3E4B}.Debug|x86.Build.0 = Debug|Any CPU
		{BC718038-8AC2-421C-A0C4-E2C1738D3E4B}.Release|Any CPU.ActiveCfg = Release|Any CPU
		{BC718038-8AC2-421C-A0C4-E2C1738D3E4B}.Release|Any CPU.Build.0 = Release|Any CPU
		{BC718038-8AC2-421C-A0C4-E2C1738D3E4B}.Release|x64.ActiveCfg = Release|Any CPU
		{BC718038-8AC2-421C-A0C4-E2C1738D3E4B}.Release|x64.Build.0 = Release|Any CPU
		{BC718038-8AC2-421C-A0C4-E2C1738D3E4B}.Release|x86.ActiveCfg = Release|Any CPU
		{BC718038-8AC2-421C-A0C4-E2C1738D3E4B}.Release|x86.Build.0 = Release|Any CPU
		{14AA2ECD-F845-482C-B56C-3871EF393C4A}.Debug|Any CPU.ActiveCfg = Debug|Any CPU
		{14AA2ECD-F845-482C-B56C-3871EF393C4A}.Debug|Any CPU.Build.0 = Debug|Any CPU
		{14AA2ECD-F845-482C-B56C-3871EF393C4A}.Debug|x64.ActiveCfg = Debug|Any CPU
		{14AA2ECD-F845-482C-B56C-3871EF393C4A}.Debug|x64.Build.0 = Debug|Any CPU
		{14AA2ECD-F845-482C-B56C-3871EF393C4A}.Debug|x86.ActiveCfg = Debug|Any CPU
		{14AA2ECD-F845-482C-B56C-3871EF393C4A}.Debug|x86.Build.0 = Debug|Any CPU
		{14AA2ECD-F845-482C-B56C-3871EF393C4A}.Release|Any CPU.ActiveCfg = Release|Any CPU
		{14AA2ECD-F845-482C-B56C-3871EF393C4A}.Release|Any CPU.Build.0 = Release|Any CPU
		{14AA2ECD-F845-482C-B56C-3871EF393C4A}.Release|x64.ActiveCfg = Release|Any CPU
		{14AA2ECD-F845-482C-B56C-3871EF393C4A}.Release|x64.Build.0 = Release|Any CPU
		{14AA2ECD-F845-482C-B56C-3871EF393C4A}.Release|x86.ActiveCfg = Release|Any CPU
		{14AA2ECD-F845-482C-B56C-3871EF393C4A}.Release|x86.Build.0 = Release|Any CPU
		{CC74501C-8D56-45FC-817E-1AB0D021AAD7}.Debug|Any CPU.ActiveCfg = Debug|Any CPU
		{CC74501C-8D56-45FC-817E-1AB0D021AAD7}.Debug|Any CPU.Build.0 = Debug|Any CPU
		{CC74501C-8D56-45FC-817E-1AB0D021AAD7}.Debug|x64.ActiveCfg = Debug|Any CPU
		{CC74501C-8D56-45FC-817E-1AB0D021AAD7}.Debug|x64.Build.0 = Debug|Any CPU
		{CC74501C-8D56-45FC-817E-1AB0D021AAD7}.Debug|x86.ActiveCfg = Debug|Any CPU
		{CC74501C-8D56-45FC-817E-1AB0D021AAD7}.Debug|x86.Build.0 = Debug|Any CPU
		{CC74501C-8D56-45FC-817E-1AB0D021AAD7}.Release|Any CPU.ActiveCfg = Release|Any CPU
		{CC74501C-8D56-45FC-817E-1AB0D021AAD7}.Release|Any CPU.Build.0 = Release|Any CPU
		{CC74501C-8D56-45FC-817E-1AB0D021AAD7}.Release|x64.ActiveCfg = Release|Any CPU
		{CC74501C-8D56-45FC-817E-1AB0D021AAD7}.Release|x64.Build.0 = Release|Any CPU
		{CC74501C-8D56-45FC-817E-1AB0D021AAD7}.Release|x86.ActiveCfg = Release|Any CPU
		{CC74501C-8D56-45FC-817E-1AB0D021AAD7}.Release|x86.Build.0 = Release|Any CPU
		{EE9ADEF6-4C0C-4E78-B1EB-E97FC137A2D2}.Debug|Any CPU.ActiveCfg = Debug|Any CPU
		{EE9ADEF6-4C0C-4E78-B1EB-E97FC137A2D2}.Debug|Any CPU.Build.0 = Debug|Any CPU
		{EE9ADEF6-4C0C-4E78-B1EB-E97FC137A2D2}.Debug|x64.ActiveCfg = Debug|Any CPU
		{EE9ADEF6-4C0C-4E78-B1EB-E97FC137A2D2}.Debug|x64.Build.0 = Debug|Any CPU
		{EE9ADEF6-4C0C-4E78-B1EB-E97FC137A2D2}.Debug|x86.ActiveCfg = Debug|Any CPU
		{EE9ADEF6-4C0C-4E78-B1EB-E97FC137A2D2}.Debug|x86.Build.0 = Debug|Any CPU
		{EE9ADEF6-4C0C-4E78-B1EB-E97FC137A2D2}.Release|Any CPU.ActiveCfg = Release|Any CPU
		{EE9ADEF6-4C0C-4E78-B1EB-E97FC137A2D2}.Release|Any CPU.Build.0 = Release|Any CPU
		{EE9ADEF6-4C0C-4E78-B1EB-E97FC137A2D2}.Release|x64.ActiveCfg = Release|Any CPU
		{EE9ADEF6-4C0C-4E78-B1EB-E97FC137A2D2}.Release|x64.Build.0 = Release|Any CPU
		{EE9ADEF6-4C0C-4E78-B1EB-E97FC137A2D2}.Release|x86.ActiveCfg = Release|Any CPU
		{EE9ADEF6-4C0C-4E78-B1EB-E97FC137A2D2}.Release|x86.Build.0 = Release|Any CPU
		{33D9093C-DFD0-470B-8038-1E4CD0737BD5}.Debug|Any CPU.ActiveCfg = Debug|Any CPU
		{33D9093C-DFD0-470B-8038-1E4CD0737BD5}.Debug|Any CPU.Build.0 = Debug|Any CPU
		{33D9093C-DFD0-470B-8038-1E4CD0737BD5}.Debug|x64.ActiveCfg = Debug|Any CPU
		{33D9093C-DFD0-470B-8038-1E4CD0737BD5}.Debug|x64.Build.0 = Debug|Any CPU
		{33D9093C-DFD0-470B-8038-1E4CD0737BD5}.Debug|x86.ActiveCfg = Debug|Any CPU
		{33D9093C-DFD0-470B-8038-1E4CD0737BD5}.Debug|x86.Build.0 = Debug|Any CPU
		{33D9093C-DFD0-470B-8038-1E4CD0737BD5}.Release|Any CPU.ActiveCfg = Release|Any CPU
		{33D9093C-DFD0-470B-8038-1E4CD0737BD5}.Release|Any CPU.Build.0 = Release|Any CPU
		{33D9093C-DFD0-470B-8038-1E4CD0737BD5}.Release|x64.ActiveCfg = Release|Any CPU
		{33D9093C-DFD0-470B-8038-1E4CD0737BD5}.Release|x64.Build.0 = Release|Any CPU
		{33D9093C-DFD0-470B-8038-1E4CD0737BD5}.Release|x86.ActiveCfg = Release|Any CPU
		{33D9093C-DFD0-470B-8038-1E4CD0737BD5}.Release|x86.Build.0 = Release|Any CPU
	EndGlobalSection
	GlobalSection(SolutionProperties) = preSolution
		HideSolutionNode = FALSE
	EndGlobalSection
	GlobalSection(NestedProjects) = preSolution
		{D188F6AC-5FFF-4393-812A-B162F1223A80} = {96259134-72D4-4092-AB64-1A2537CF008E}
		{612BA317-CCCC-4E0F-8859-B778B806DA48} = {96259134-72D4-4092-AB64-1A2537CF008E}
		{0F2F94C8-41CE-46D8-AFA5-905ED5229622} = {96259134-72D4-4092-AB64-1A2537CF008E}
		{CF038F31-CC94-46BE-8442-0D2AF00B674C} = {96259134-72D4-4092-AB64-1A2537CF008E}
		{956E5421-5FE6-48CD-81B6-B49B696DB518} = {96259134-72D4-4092-AB64-1A2537CF008E}
		{BC718038-8AC2-421C-A0C4-E2C1738D3E4B} = {96259134-72D4-4092-AB64-1A2537CF008E}
		{14AA2ECD-F845-482C-B56C-3871EF393C4A} = {96259134-72D4-4092-AB64-1A2537CF008E}
		{CC74501C-8D56-45FC-817E-1AB0D021AAD7} = {96259134-72D4-4092-AB64-1A2537CF008E}
		{EE9ADEF6-4C0C-4E78-B1EB-E97FC137A2D2} = {96259134-72D4-4092-AB64-1A2537CF008E}
		{33D9093C-DFD0-470B-8038-1E4CD0737BD5} = {96259134-72D4-4092-AB64-1A2537CF008E}
	EndGlobalSection
	GlobalSection(ExtensibilityGlobals) = postSolution
		SolutionGuid = {BD63F0F1-8789-46FE-80D7-59C7A54FF165}
	EndGlobalSection
EndGlobal
