
Microsoft Visual Studio Solution File, Format Version 12.00
# Visual Studio Version 17
VisualStudioVersion = 17.1.32328.378
MinimumVisualStudioVersion = 10.0.40219.1
Project("{2150E333-8FDC-42A3-9474-1A3956D46DE8}") = "Server", "Server", "{96259134-72D4-4092-AB64-1A2537CF008E}"
EndProject
Project("{9A19103F-16F7-4668-BE54-9A1E7A4F7556}") = "PhBkEntity", "PhBkEntity\PhBkEntity.csproj", "{D188F6AC-5FFF-4393-812A-B162F1223A80}"
EndProject
Project("{9A19103F-16F7-4668-BE54-9A1E7A4F7556}") = "PhBkContext", "PhBkContext\PhBkContext.csproj", "{612BA317-CCCC-4E0F-8859-B778B806DA48}"
EndProject
Project("{9A19103F-16F7-4668-BE54-9A1E7A4F7556}") = "PhBkViews", "PhBkViews\PhBkViews.csproj", "{0F2F94C8-41CE-46D8-AFA5-905ED5229622}"
EndProject
Project("{9A19103F-16F7-4668-BE54-9A1E7A4F7556}") = "PhBkWebApp", "PhBkWebApp\PhBkWebApp.csproj", "{CF038F31-CC94-46BE-8442-0D2AF00B674C}"
EndProject
Project("{9A19103F-16F7-4668-BE54-9A1E7A4F7556}") = "PhBkControllers", "PhBkControllers\PhBkControllers.csproj", "{956E5421-5FE6-48CD-81B6-B49B696DB518}"
EndProject
Project("{9A19103F-16F7-4668-BE54-9A1E7A4F7556}") = "LpPhBkEntity", "LpPhBkEntity\LpPhBkEntity.csproj", "{BC718038-8AC2-421C-A0C4-E2C1738D3E4B}"
EndProject
Project("{9A19103F-16F7-4668-BE54-9A1E7A4F7556}") = "LpPhBkContext", "LpPhBkContext\LpPhBkContext.csproj", "{14AA2ECD-F845-482C-B56C-3871EF393C4A}"
EndProject
Project("{9A19103F-16F7-4668-BE54-9A1E7A4F7556}") = "LpPhBkViews", "LpPhBkViews\LpPhBkViews.csproj", "{CC74501C-8D56-45FC-817E-1AB0D021AAD7}"
EndProject
Project("{9A19103F-16F7-4668-BE54-9A1E7A4F7556}") = "LpPhBkControllers", "LpPhBkControllers\LpPhBkControllers.csproj", "{EE9ADEF6-4C0C-4E78-B1EB-E97FC137A2D2}"
EndProject
Project("{9A19103F-16F7-4668-BE54-9A1E7A4F7556}") = "LpPhBkWebApp", "LpPhBkWebApp\LpPhBkWebApp.csproj", "{33D9093C-DFD0-470B-8038-1E4CD0737BD5}"
EndProject
Project("{9A19103F-16F7-4668-BE54-9A1E7A4F7556}") = "PhBkMySqlWebApp", "PhBkMySqlWebApp\PhBkMySqlWebApp.csproj", "{FDA79FC7-FF6B-41C0-B170-4DA4B48DD514}"
EndProject
Project("{9A19103F-16F7-4668-BE54-9A1E7A4F7556}") = "LpPhBkMySqlWebApp", "LpPhBkMySqlWebApp\LpPhBkMySqlWebApp.csproj", "{41035B7A-5992-4419-A11F-75AD7B0D35E7}"
EndProject
Project("{9A19103F-16F7-4668-BE54-9A1E7A4F7556}") = "LpPhBkPostgreSqlWebApp", "LpPhBkPostgreSqlWebApp\LpPhBkPostgreSqlWebApp.csproj", "{EB4421BB-4402-4382-B95C-C9F1BC9F7D61}"
EndProject
Project("{9A19103F-16F7-4668-BE54-9A1E7A4F7556}") = "PhBkPostgreSqlWebApp", "PhBkPostgreSqlWebApp\PhBkPostgreSqlWebApp.csproj", "{816458D1-15C1-42FA-A374-3B170AF4987C}"
EndProject
Project("{2150E333-8FDC-42A3-9474-1A3956D46DE8}") = "Client", "Client", "{B29BB7C7-3FA4-41BA-89FD-7C46FB3BD825}"
EndProject
Project("{2150E333-8FDC-42A3-9474-1A3956D46DE8}") = "Xamarin", "Xamarin", "{EC4061A6-8BE3-4B47-9D89-4618F2F8C24B}"
EndProject
Project("{2150E333-8FDC-42A3-9474-1A3956D46DE8}") = "Shared", "Shared", "{5D92AFF4-E921-4800-9063-8C0D5B399DC3}"
EndProject
Project("{2150E333-8FDC-42A3-9474-1A3956D46DE8}") = "Models", "Models", "{AFA557B8-00F6-4AA9-BFDA-D7C3F2086326}"
EndProject
Project("{9A19103F-16F7-4668-BE54-9A1E7A4F7556}") = "CommonServicesPrismModule", "CommonServicesPrismModule\CommonServicesPrismModule.csproj", "{0F387960-A05E-4AE8-94F2-91DD7656870E}"
EndProject
Project("{9A19103F-16F7-4668-BE54-9A1E7A4F7556}") = "CommonInterfacesClassLibrary", "CommonInterfacesClassLibrary\CommonInterfacesClassLibrary.csproj", "{27EEEEB6-79E3-41DF-A91E-CAF34F3CD5AC}"
EndProject
Project("{9A19103F-16F7-4668-BE54-9A1E7A4F7556}") = "CommonCustomControlLibrary", "CommonCustomControlLibrary\CommonCustomControlLibrary.csproj", "{FD326CFE-EEBA-4525-A81D-214BBFDF95CC}"
EndProject
Project("{9A19103F-16F7-4668-BE54-9A1E7A4F7556}") = "CommonUserControlLibrary", "CommonUserControlLibrary\CommonUserControlLibrary.csproj", "{63CF9289-FB84-49FE-8628-E36B0A83FFF7}"
EndProject
Project("{9A19103F-16F7-4668-BE54-9A1E7A4F7556}") = "ModelInterfacesClassLibrary", "ModelInterfacesClassLibrary\ModelInterfacesClassLibrary.csproj", "{C267695F-E896-4381-B9FD-EA19DC520691}"
EndProject
Project("{9A19103F-16F7-4668-BE54-9A1E7A4F7556}") = "ModelServicesPrismModule", "ModelServicesPrismModule\ModelServicesPrismModule.csproj", "{74452254-AB32-4DA3-8FF0-7A94BC49C67E}"
EndProject
Project("{9A19103F-16F7-4668-BE54-9A1E7A4F7556}") = "FeatureServicesPrismModule", "FeatureServicesPrismModule\FeatureServicesPrismModule.csproj", "{B10DC39A-7A7F-4BB9-ADC7-ED41A7C27EDF}"
EndProject
Project("{9A19103F-16F7-4668-BE54-9A1E7A4F7556}") = "PrismPhonebook", "PrismPhonebook\PrismPhonebook\PrismPhonebook.csproj", "{2B22090F-B53F-4974-9612-005E93768934}"
EndProject
Project("{FAE04EC0-301F-11D3-BF4B-00C04F79EFBC}") = "PrismPhonebook.Android", "PrismPhonebook\PrismPhonebook.Android\PrismPhonebook.Android.csproj", "{FF2E2835-E95F-4078-ABC8-3836D73287A0}"
EndProject
Project("{FAE04EC0-301F-11D3-BF4B-00C04F79EFBC}") = "PrismPhonebook.UWP", "PrismPhonebook\PrismPhonebook.UWP\PrismPhonebook.UWP.csproj", "{972F676D-8C20-4323-882F-9E4125560773}"
EndProject
Project("{9A19103F-16F7-4668-BE54-9A1E7A4F7556}") = "O2mPrismModule", "O2mPrismModule\O2mPrismModule.csproj", "{4D35038A-4050-4204-930E-FD0280825846}"
EndProject
Project("{E24C65DC-7377-472B-9ABA-BC803B73C61A}") = "projects(3)", "AngularMatPhonebookSolution\projects\", "{A4AFD7DB-A82A-48B3-AEC3-E7E119EA1FAA}"
	ProjectSection(WebsiteProperties) = preProject
		TargetFrameworkMoniker = ".NETFramework,Version%3Dv4.8"
		Debug.AspNetCompiler.VirtualPath = "/localhost_55260"
		Debug.AspNetCompiler.PhysicalPath = "AngularMatPhonebookSolution\projects\"
		Debug.AspNetCompiler.TargetPath = "PrecompiledWeb\localhost_55260\"
		Debug.AspNetCompiler.Updateable = "true"
		Debug.AspNetCompiler.ForceOverwrite = "true"
		Debug.AspNetCompiler.FixedNames = "false"
		Debug.AspNetCompiler.Debug = "True"
		Release.AspNetCompiler.VirtualPath = "/localhost_55260"
		Release.AspNetCompiler.PhysicalPath = "AngularMatPhonebookSolution\projects\"
		Release.AspNetCompiler.TargetPath = "PrecompiledWeb\localhost_55260\"
		Release.AspNetCompiler.Updateable = "true"
		Release.AspNetCompiler.ForceOverwrite = "true"
		Release.AspNetCompiler.FixedNames = "false"
		Release.AspNetCompiler.Debug = "False"
		VWDPort = "55260"
		SlnRelativePath = "AngularMatPhonebookSolution\projects\"
	EndProjectSection
EndProject
Global
	GlobalSection(SolutionConfigurationPlatforms) = preSolution
		Debug|Any CPU = Debug|Any CPU
		Debug|ARM = Debug|ARM
		Debug|x64 = Debug|x64
		Debug|x86 = Debug|x86
		Release|Any CPU = Release|Any CPU
		Release|ARM = Release|ARM
		Release|x64 = Release|x64
		Release|x86 = Release|x86
	EndGlobalSection
	GlobalSection(ProjectConfigurationPlatforms) = postSolution
		{D188F6AC-5FFF-4393-812A-B162F1223A80}.Debug|Any CPU.ActiveCfg = Debug|Any CPU
		{D188F6AC-5FFF-4393-812A-B162F1223A80}.Debug|Any CPU.Build.0 = Debug|Any CPU
		{D188F6AC-5FFF-4393-812A-B162F1223A80}.Debug|ARM.ActiveCfg = Debug|Any CPU
		{D188F6AC-5FFF-4393-812A-B162F1223A80}.Debug|ARM.Build.0 = Debug|Any CPU
		{D188F6AC-5FFF-4393-812A-B162F1223A80}.Debug|x64.ActiveCfg = Debug|Any CPU
		{D188F6AC-5FFF-4393-812A-B162F1223A80}.Debug|x64.Build.0 = Debug|Any CPU
		{D188F6AC-5FFF-4393-812A-B162F1223A80}.Debug|x86.ActiveCfg = Debug|Any CPU
		{D188F6AC-5FFF-4393-812A-B162F1223A80}.Debug|x86.Build.0 = Debug|Any CPU
		{D188F6AC-5FFF-4393-812A-B162F1223A80}.Release|Any CPU.ActiveCfg = Release|Any CPU
		{D188F6AC-5FFF-4393-812A-B162F1223A80}.Release|Any CPU.Build.0 = Release|Any CPU
		{D188F6AC-5FFF-4393-812A-B162F1223A80}.Release|ARM.ActiveCfg = Release|Any CPU
		{D188F6AC-5FFF-4393-812A-B162F1223A80}.Release|ARM.Build.0 = Release|Any CPU
		{D188F6AC-5FFF-4393-812A-B162F1223A80}.Release|x64.ActiveCfg = Release|Any CPU
		{D188F6AC-5FFF-4393-812A-B162F1223A80}.Release|x64.Build.0 = Release|Any CPU
		{D188F6AC-5FFF-4393-812A-B162F1223A80}.Release|x86.ActiveCfg = Release|Any CPU
		{D188F6AC-5FFF-4393-812A-B162F1223A80}.Release|x86.Build.0 = Release|Any CPU
		{612BA317-CCCC-4E0F-8859-B778B806DA48}.Debug|Any CPU.ActiveCfg = Debug|Any CPU
		{612BA317-CCCC-4E0F-8859-B778B806DA48}.Debug|Any CPU.Build.0 = Debug|Any CPU
		{612BA317-CCCC-4E0F-8859-B778B806DA48}.Debug|ARM.ActiveCfg = Debug|Any CPU
		{612BA317-CCCC-4E0F-8859-B778B806DA48}.Debug|ARM.Build.0 = Debug|Any CPU
		{612BA317-CCCC-4E0F-8859-B778B806DA48}.Debug|x64.ActiveCfg = Debug|Any CPU
		{612BA317-CCCC-4E0F-8859-B778B806DA48}.Debug|x64.Build.0 = Debug|Any CPU
		{612BA317-CCCC-4E0F-8859-B778B806DA48}.Debug|x86.ActiveCfg = Debug|Any CPU
		{612BA317-CCCC-4E0F-8859-B778B806DA48}.Debug|x86.Build.0 = Debug|Any CPU
		{612BA317-CCCC-4E0F-8859-B778B806DA48}.Release|Any CPU.ActiveCfg = Release|Any CPU
		{612BA317-CCCC-4E0F-8859-B778B806DA48}.Release|Any CPU.Build.0 = Release|Any CPU
		{612BA317-CCCC-4E0F-8859-B778B806DA48}.Release|ARM.ActiveCfg = Release|Any CPU
		{612BA317-CCCC-4E0F-8859-B778B806DA48}.Release|ARM.Build.0 = Release|Any CPU
		{612BA317-CCCC-4E0F-8859-B778B806DA48}.Release|x64.ActiveCfg = Release|Any CPU
		{612BA317-CCCC-4E0F-8859-B778B806DA48}.Release|x64.Build.0 = Release|Any CPU
		{612BA317-CCCC-4E0F-8859-B778B806DA48}.Release|x86.ActiveCfg = Release|Any CPU
		{612BA317-CCCC-4E0F-8859-B778B806DA48}.Release|x86.Build.0 = Release|Any CPU
		{0F2F94C8-41CE-46D8-AFA5-905ED5229622}.Debug|Any CPU.ActiveCfg = Debug|Any CPU
		{0F2F94C8-41CE-46D8-AFA5-905ED5229622}.Debug|Any CPU.Build.0 = Debug|Any CPU
		{0F2F94C8-41CE-46D8-AFA5-905ED5229622}.Debug|ARM.ActiveCfg = Debug|Any CPU
		{0F2F94C8-41CE-46D8-AFA5-905ED5229622}.Debug|ARM.Build.0 = Debug|Any CPU
		{0F2F94C8-41CE-46D8-AFA5-905ED5229622}.Debug|x64.ActiveCfg = Debug|Any CPU
		{0F2F94C8-41CE-46D8-AFA5-905ED5229622}.Debug|x64.Build.0 = Debug|Any CPU
		{0F2F94C8-41CE-46D8-AFA5-905ED5229622}.Debug|x86.ActiveCfg = Debug|Any CPU
		{0F2F94C8-41CE-46D8-AFA5-905ED5229622}.Debug|x86.Build.0 = Debug|Any CPU
		{0F2F94C8-41CE-46D8-AFA5-905ED5229622}.Release|Any CPU.ActiveCfg = Release|Any CPU
		{0F2F94C8-41CE-46D8-AFA5-905ED5229622}.Release|Any CPU.Build.0 = Release|Any CPU
		{0F2F94C8-41CE-46D8-AFA5-905ED5229622}.Release|ARM.ActiveCfg = Release|Any CPU
		{0F2F94C8-41CE-46D8-AFA5-905ED5229622}.Release|ARM.Build.0 = Release|Any CPU
		{0F2F94C8-41CE-46D8-AFA5-905ED5229622}.Release|x64.ActiveCfg = Release|Any CPU
		{0F2F94C8-41CE-46D8-AFA5-905ED5229622}.Release|x64.Build.0 = Release|Any CPU
		{0F2F94C8-41CE-46D8-AFA5-905ED5229622}.Release|x86.ActiveCfg = Release|Any CPU
		{0F2F94C8-41CE-46D8-AFA5-905ED5229622}.Release|x86.Build.0 = Release|Any CPU
		{CF038F31-CC94-46BE-8442-0D2AF00B674C}.Debug|Any CPU.ActiveCfg = Debug|Any CPU
		{CF038F31-CC94-46BE-8442-0D2AF00B674C}.Debug|Any CPU.Build.0 = Debug|Any CPU
		{CF038F31-CC94-46BE-8442-0D2AF00B674C}.Debug|ARM.ActiveCfg = Debug|Any CPU
		{CF038F31-CC94-46BE-8442-0D2AF00B674C}.Debug|ARM.Build.0 = Debug|Any CPU
		{CF038F31-CC94-46BE-8442-0D2AF00B674C}.Debug|x64.ActiveCfg = Debug|Any CPU
		{CF038F31-CC94-46BE-8442-0D2AF00B674C}.Debug|x64.Build.0 = Debug|Any CPU
		{CF038F31-CC94-46BE-8442-0D2AF00B674C}.Debug|x86.ActiveCfg = Debug|Any CPU
		{CF038F31-CC94-46BE-8442-0D2AF00B674C}.Debug|x86.Build.0 = Debug|Any CPU
		{CF038F31-CC94-46BE-8442-0D2AF00B674C}.Release|Any CPU.ActiveCfg = Release|Any CPU
		{CF038F31-CC94-46BE-8442-0D2AF00B674C}.Release|Any CPU.Build.0 = Release|Any CPU
		{CF038F31-CC94-46BE-8442-0D2AF00B674C}.Release|ARM.ActiveCfg = Release|Any CPU
		{CF038F31-CC94-46BE-8442-0D2AF00B674C}.Release|ARM.Build.0 = Release|Any CPU
		{CF038F31-CC94-46BE-8442-0D2AF00B674C}.Release|x64.ActiveCfg = Release|Any CPU
		{CF038F31-CC94-46BE-8442-0D2AF00B674C}.Release|x64.Build.0 = Release|Any CPU
		{CF038F31-CC94-46BE-8442-0D2AF00B674C}.Release|x86.ActiveCfg = Release|Any CPU
		{CF038F31-CC94-46BE-8442-0D2AF00B674C}.Release|x86.Build.0 = Release|Any CPU
		{956E5421-5FE6-48CD-81B6-B49B696DB518}.Debug|Any CPU.ActiveCfg = Debug|Any CPU
		{956E5421-5FE6-48CD-81B6-B49B696DB518}.Debug|Any CPU.Build.0 = Debug|Any CPU
		{956E5421-5FE6-48CD-81B6-B49B696DB518}.Debug|ARM.ActiveCfg = Debug|Any CPU
		{956E5421-5FE6-48CD-81B6-B49B696DB518}.Debug|ARM.Build.0 = Debug|Any CPU
		{956E5421-5FE6-48CD-81B6-B49B696DB518}.Debug|x64.ActiveCfg = Debug|Any CPU
		{956E5421-5FE6-48CD-81B6-B49B696DB518}.Debug|x64.Build.0 = Debug|Any CPU
		{956E5421-5FE6-48CD-81B6-B49B696DB518}.Debug|x86.ActiveCfg = Debug|Any CPU
		{956E5421-5FE6-48CD-81B6-B49B696DB518}.Debug|x86.Build.0 = Debug|Any CPU
		{956E5421-5FE6-48CD-81B6-B49B696DB518}.Release|Any CPU.ActiveCfg = Release|Any CPU
		{956E5421-5FE6-48CD-81B6-B49B696DB518}.Release|Any CPU.Build.0 = Release|Any CPU
		{956E5421-5FE6-48CD-81B6-B49B696DB518}.Release|ARM.ActiveCfg = Release|Any CPU
		{956E5421-5FE6-48CD-81B6-B49B696DB518}.Release|ARM.Build.0 = Release|Any CPU
		{956E5421-5FE6-48CD-81B6-B49B696DB518}.Release|x64.ActiveCfg = Release|Any CPU
		{956E5421-5FE6-48CD-81B6-B49B696DB518}.Release|x64.Build.0 = Release|Any CPU
		{956E5421-5FE6-48CD-81B6-B49B696DB518}.Release|x86.ActiveCfg = Release|Any CPU
		{956E5421-5FE6-48CD-81B6-B49B696DB518}.Release|x86.Build.0 = Release|Any CPU
		{BC718038-8AC2-421C-A0C4-E2C1738D3E4B}.Debug|Any CPU.ActiveCfg = Debug|Any CPU
		{BC718038-8AC2-421C-A0C4-E2C1738D3E4B}.Debug|Any CPU.Build.0 = Debug|Any CPU
		{BC718038-8AC2-421C-A0C4-E2C1738D3E4B}.Debug|ARM.ActiveCfg = Debug|Any CPU
		{BC718038-8AC2-421C-A0C4-E2C1738D3E4B}.Debug|ARM.Build.0 = Debug|Any CPU
		{BC718038-8AC2-421C-A0C4-E2C1738D3E4B}.Debug|x64.ActiveCfg = Debug|Any CPU
		{BC718038-8AC2-421C-A0C4-E2C1738D3E4B}.Debug|x64.Build.0 = Debug|Any CPU
		{BC718038-8AC2-421C-A0C4-E2C1738D3E4B}.Debug|x86.ActiveCfg = Debug|Any CPU
		{BC718038-8AC2-421C-A0C4-E2C1738D3E4B}.Debug|x86.Build.0 = Debug|Any CPU
		{BC718038-8AC2-421C-A0C4-E2C1738D3E4B}.Release|Any CPU.ActiveCfg = Release|Any CPU
		{BC718038-8AC2-421C-A0C4-E2C1738D3E4B}.Release|Any CPU.Build.0 = Release|Any CPU
		{BC718038-8AC2-421C-A0C4-E2C1738D3E4B}.Release|ARM.ActiveCfg = Release|Any CPU
		{BC718038-8AC2-421C-A0C4-E2C1738D3E4B}.Release|ARM.Build.0 = Release|Any CPU
		{BC718038-8AC2-421C-A0C4-E2C1738D3E4B}.Release|x64.ActiveCfg = Release|Any CPU
		{BC718038-8AC2-421C-A0C4-E2C1738D3E4B}.Release|x64.Build.0 = Release|Any CPU
		{BC718038-8AC2-421C-A0C4-E2C1738D3E4B}.Release|x86.ActiveCfg = Release|Any CPU
		{BC718038-8AC2-421C-A0C4-E2C1738D3E4B}.Release|x86.Build.0 = Release|Any CPU
		{14AA2ECD-F845-482C-B56C-3871EF393C4A}.Debug|Any CPU.ActiveCfg = Debug|Any CPU
		{14AA2ECD-F845-482C-B56C-3871EF393C4A}.Debug|Any CPU.Build.0 = Debug|Any CPU
		{14AA2ECD-F845-482C-B56C-3871EF393C4A}.Debug|ARM.ActiveCfg = Debug|Any CPU
		{14AA2ECD-F845-482C-B56C-3871EF393C4A}.Debug|ARM.Build.0 = Debug|Any CPU
		{14AA2ECD-F845-482C-B56C-3871EF393C4A}.Debug|x64.ActiveCfg = Debug|Any CPU
		{14AA2ECD-F845-482C-B56C-3871EF393C4A}.Debug|x64.Build.0 = Debug|Any CPU
		{14AA2ECD-F845-482C-B56C-3871EF393C4A}.Debug|x86.ActiveCfg = Debug|Any CPU
		{14AA2ECD-F845-482C-B56C-3871EF393C4A}.Debug|x86.Build.0 = Debug|Any CPU
		{14AA2ECD-F845-482C-B56C-3871EF393C4A}.Release|Any CPU.ActiveCfg = Release|Any CPU
		{14AA2ECD-F845-482C-B56C-3871EF393C4A}.Release|Any CPU.Build.0 = Release|Any CPU
		{14AA2ECD-F845-482C-B56C-3871EF393C4A}.Release|ARM.ActiveCfg = Release|Any CPU
		{14AA2ECD-F845-482C-B56C-3871EF393C4A}.Release|ARM.Build.0 = Release|Any CPU
		{14AA2ECD-F845-482C-B56C-3871EF393C4A}.Release|x64.ActiveCfg = Release|Any CPU
		{14AA2ECD-F845-482C-B56C-3871EF393C4A}.Release|x64.Build.0 = Release|Any CPU
		{14AA2ECD-F845-482C-B56C-3871EF393C4A}.Release|x86.ActiveCfg = Release|Any CPU
		{14AA2ECD-F845-482C-B56C-3871EF393C4A}.Release|x86.Build.0 = Release|Any CPU
		{CC74501C-8D56-45FC-817E-1AB0D021AAD7}.Debug|Any CPU.ActiveCfg = Debug|Any CPU
		{CC74501C-8D56-45FC-817E-1AB0D021AAD7}.Debug|Any CPU.Build.0 = Debug|Any CPU
		{CC74501C-8D56-45FC-817E-1AB0D021AAD7}.Debug|ARM.ActiveCfg = Debug|Any CPU
		{CC74501C-8D56-45FC-817E-1AB0D021AAD7}.Debug|ARM.Build.0 = Debug|Any CPU
		{CC74501C-8D56-45FC-817E-1AB0D021AAD7}.Debug|x64.ActiveCfg = Debug|Any CPU
		{CC74501C-8D56-45FC-817E-1AB0D021AAD7}.Debug|x64.Build.0 = Debug|Any CPU
		{CC74501C-8D56-45FC-817E-1AB0D021AAD7}.Debug|x86.ActiveCfg = Debug|Any CPU
		{CC74501C-8D56-45FC-817E-1AB0D021AAD7}.Debug|x86.Build.0 = Debug|Any CPU
		{CC74501C-8D56-45FC-817E-1AB0D021AAD7}.Release|Any CPU.ActiveCfg = Release|Any CPU
		{CC74501C-8D56-45FC-817E-1AB0D021AAD7}.Release|Any CPU.Build.0 = Release|Any CPU
		{CC74501C-8D56-45FC-817E-1AB0D021AAD7}.Release|ARM.ActiveCfg = Release|Any CPU
		{CC74501C-8D56-45FC-817E-1AB0D021AAD7}.Release|ARM.Build.0 = Release|Any CPU
		{CC74501C-8D56-45FC-817E-1AB0D021AAD7}.Release|x64.ActiveCfg = Release|Any CPU
		{CC74501C-8D56-45FC-817E-1AB0D021AAD7}.Release|x64.Build.0 = Release|Any CPU
		{CC74501C-8D56-45FC-817E-1AB0D021AAD7}.Release|x86.ActiveCfg = Release|Any CPU
		{CC74501C-8D56-45FC-817E-1AB0D021AAD7}.Release|x86.Build.0 = Release|Any CPU
		{EE9ADEF6-4C0C-4E78-B1EB-E97FC137A2D2}.Debug|Any CPU.ActiveCfg = Debug|Any CPU
		{EE9ADEF6-4C0C-4E78-B1EB-E97FC137A2D2}.Debug|Any CPU.Build.0 = Debug|Any CPU
		{EE9ADEF6-4C0C-4E78-B1EB-E97FC137A2D2}.Debug|ARM.ActiveCfg = Debug|Any CPU
		{EE9ADEF6-4C0C-4E78-B1EB-E97FC137A2D2}.Debug|ARM.Build.0 = Debug|Any CPU
		{EE9ADEF6-4C0C-4E78-B1EB-E97FC137A2D2}.Debug|x64.ActiveCfg = Debug|Any CPU
		{EE9ADEF6-4C0C-4E78-B1EB-E97FC137A2D2}.Debug|x64.Build.0 = Debug|Any CPU
		{EE9ADEF6-4C0C-4E78-B1EB-E97FC137A2D2}.Debug|x86.ActiveCfg = Debug|Any CPU
		{EE9ADEF6-4C0C-4E78-B1EB-E97FC137A2D2}.Debug|x86.Build.0 = Debug|Any CPU
		{EE9ADEF6-4C0C-4E78-B1EB-E97FC137A2D2}.Release|Any CPU.ActiveCfg = Release|Any CPU
		{EE9ADEF6-4C0C-4E78-B1EB-E97FC137A2D2}.Release|Any CPU.Build.0 = Release|Any CPU
		{EE9ADEF6-4C0C-4E78-B1EB-E97FC137A2D2}.Release|ARM.ActiveCfg = Release|Any CPU
		{EE9ADEF6-4C0C-4E78-B1EB-E97FC137A2D2}.Release|ARM.Build.0 = Release|Any CPU
		{EE9ADEF6-4C0C-4E78-B1EB-E97FC137A2D2}.Release|x64.ActiveCfg = Release|Any CPU
		{EE9ADEF6-4C0C-4E78-B1EB-E97FC137A2D2}.Release|x64.Build.0 = Release|Any CPU
		{EE9ADEF6-4C0C-4E78-B1EB-E97FC137A2D2}.Release|x86.ActiveCfg = Release|Any CPU
		{EE9ADEF6-4C0C-4E78-B1EB-E97FC137A2D2}.Release|x86.Build.0 = Release|Any CPU
		{33D9093C-DFD0-470B-8038-1E4CD0737BD5}.Debug|Any CPU.ActiveCfg = Debug|Any CPU
		{33D9093C-DFD0-470B-8038-1E4CD0737BD5}.Debug|Any CPU.Build.0 = Debug|Any CPU
		{33D9093C-DFD0-470B-8038-1E4CD0737BD5}.Debug|ARM.ActiveCfg = Debug|Any CPU
		{33D9093C-DFD0-470B-8038-1E4CD0737BD5}.Debug|ARM.Build.0 = Debug|Any CPU
		{33D9093C-DFD0-470B-8038-1E4CD0737BD5}.Debug|x64.ActiveCfg = Debug|Any CPU
		{33D9093C-DFD0-470B-8038-1E4CD0737BD5}.Debug|x64.Build.0 = Debug|Any CPU
		{33D9093C-DFD0-470B-8038-1E4CD0737BD5}.Debug|x86.ActiveCfg = Debug|Any CPU
		{33D9093C-DFD0-470B-8038-1E4CD0737BD5}.Debug|x86.Build.0 = Debug|Any CPU
		{33D9093C-DFD0-470B-8038-1E4CD0737BD5}.Release|Any CPU.ActiveCfg = Release|Any CPU
		{33D9093C-DFD0-470B-8038-1E4CD0737BD5}.Release|Any CPU.Build.0 = Release|Any CPU
		{33D9093C-DFD0-470B-8038-1E4CD0737BD5}.Release|ARM.ActiveCfg = Release|Any CPU
		{33D9093C-DFD0-470B-8038-1E4CD0737BD5}.Release|ARM.Build.0 = Release|Any CPU
		{33D9093C-DFD0-470B-8038-1E4CD0737BD5}.Release|x64.ActiveCfg = Release|Any CPU
		{33D9093C-DFD0-470B-8038-1E4CD0737BD5}.Release|x64.Build.0 = Release|Any CPU
		{33D9093C-DFD0-470B-8038-1E4CD0737BD5}.Release|x86.ActiveCfg = Release|Any CPU
		{33D9093C-DFD0-470B-8038-1E4CD0737BD5}.Release|x86.Build.0 = Release|Any CPU
		{FDA79FC7-FF6B-41C0-B170-4DA4B48DD514}.Debug|Any CPU.ActiveCfg = Debug|Any CPU
		{FDA79FC7-FF6B-41C0-B170-4DA4B48DD514}.Debug|Any CPU.Build.0 = Debug|Any CPU
		{FDA79FC7-FF6B-41C0-B170-4DA4B48DD514}.Debug|ARM.ActiveCfg = Debug|Any CPU
		{FDA79FC7-FF6B-41C0-B170-4DA4B48DD514}.Debug|ARM.Build.0 = Debug|Any CPU
		{FDA79FC7-FF6B-41C0-B170-4DA4B48DD514}.Debug|x64.ActiveCfg = Debug|Any CPU
		{FDA79FC7-FF6B-41C0-B170-4DA4B48DD514}.Debug|x64.Build.0 = Debug|Any CPU
		{FDA79FC7-FF6B-41C0-B170-4DA4B48DD514}.Debug|x86.ActiveCfg = Debug|Any CPU
		{FDA79FC7-FF6B-41C0-B170-4DA4B48DD514}.Debug|x86.Build.0 = Debug|Any CPU
		{FDA79FC7-FF6B-41C0-B170-4DA4B48DD514}.Release|Any CPU.ActiveCfg = Release|Any CPU
		{FDA79FC7-FF6B-41C0-B170-4DA4B48DD514}.Release|Any CPU.Build.0 = Release|Any CPU
		{FDA79FC7-FF6B-41C0-B170-4DA4B48DD514}.Release|ARM.ActiveCfg = Release|Any CPU
		{FDA79FC7-FF6B-41C0-B170-4DA4B48DD514}.Release|ARM.Build.0 = Release|Any CPU
		{FDA79FC7-FF6B-41C0-B170-4DA4B48DD514}.Release|x64.ActiveCfg = Release|Any CPU
		{FDA79FC7-FF6B-41C0-B170-4DA4B48DD514}.Release|x64.Build.0 = Release|Any CPU
		{FDA79FC7-FF6B-41C0-B170-4DA4B48DD514}.Release|x86.ActiveCfg = Release|Any CPU
		{FDA79FC7-FF6B-41C0-B170-4DA4B48DD514}.Release|x86.Build.0 = Release|Any CPU
		{41035B7A-5992-4419-A11F-75AD7B0D35E7}.Debug|Any CPU.ActiveCfg = Debug|Any CPU
		{41035B7A-5992-4419-A11F-75AD7B0D35E7}.Debug|Any CPU.Build.0 = Debug|Any CPU
		{41035B7A-5992-4419-A11F-75AD7B0D35E7}.Debug|ARM.ActiveCfg = Debug|Any CPU
		{41035B7A-5992-4419-A11F-75AD7B0D35E7}.Debug|ARM.Build.0 = Debug|Any CPU
		{41035B7A-5992-4419-A11F-75AD7B0D35E7}.Debug|x64.ActiveCfg = Debug|Any CPU
		{41035B7A-5992-4419-A11F-75AD7B0D35E7}.Debug|x64.Build.0 = Debug|Any CPU
		{41035B7A-5992-4419-A11F-75AD7B0D35E7}.Debug|x86.ActiveCfg = Debug|Any CPU
		{41035B7A-5992-4419-A11F-75AD7B0D35E7}.Debug|x86.Build.0 = Debug|Any CPU
		{41035B7A-5992-4419-A11F-75AD7B0D35E7}.Release|Any CPU.ActiveCfg = Release|Any CPU
		{41035B7A-5992-4419-A11F-75AD7B0D35E7}.Release|Any CPU.Build.0 = Release|Any CPU
		{41035B7A-5992-4419-A11F-75AD7B0D35E7}.Release|ARM.ActiveCfg = Release|Any CPU
		{41035B7A-5992-4419-A11F-75AD7B0D35E7}.Release|ARM.Build.0 = Release|Any CPU
		{41035B7A-5992-4419-A11F-75AD7B0D35E7}.Release|x64.ActiveCfg = Release|Any CPU
		{41035B7A-5992-4419-A11F-75AD7B0D35E7}.Release|x64.Build.0 = Release|Any CPU
		{41035B7A-5992-4419-A11F-75AD7B0D35E7}.Release|x86.ActiveCfg = Release|Any CPU
		{41035B7A-5992-4419-A11F-75AD7B0D35E7}.Release|x86.Build.0 = Release|Any CPU
		{EB4421BB-4402-4382-B95C-C9F1BC9F7D61}.Debug|Any CPU.ActiveCfg = Debug|Any CPU
		{EB4421BB-4402-4382-B95C-C9F1BC9F7D61}.Debug|Any CPU.Build.0 = Debug|Any CPU
		{EB4421BB-4402-4382-B95C-C9F1BC9F7D61}.Debug|ARM.ActiveCfg = Debug|Any CPU
		{EB4421BB-4402-4382-B95C-C9F1BC9F7D61}.Debug|ARM.Build.0 = Debug|Any CPU
		{EB4421BB-4402-4382-B95C-C9F1BC9F7D61}.Debug|x64.ActiveCfg = Debug|Any CPU
		{EB4421BB-4402-4382-B95C-C9F1BC9F7D61}.Debug|x64.Build.0 = Debug|Any CPU
		{EB4421BB-4402-4382-B95C-C9F1BC9F7D61}.Debug|x86.ActiveCfg = Debug|Any CPU
		{EB4421BB-4402-4382-B95C-C9F1BC9F7D61}.Debug|x86.Build.0 = Debug|Any CPU
		{EB4421BB-4402-4382-B95C-C9F1BC9F7D61}.Release|Any CPU.ActiveCfg = Release|Any CPU
		{EB4421BB-4402-4382-B95C-C9F1BC9F7D61}.Release|Any CPU.Build.0 = Release|Any CPU
		{EB4421BB-4402-4382-B95C-C9F1BC9F7D61}.Release|ARM.ActiveCfg = Release|Any CPU
		{EB4421BB-4402-4382-B95C-C9F1BC9F7D61}.Release|ARM.Build.0 = Release|Any CPU
		{EB4421BB-4402-4382-B95C-C9F1BC9F7D61}.Release|x64.ActiveCfg = Release|Any CPU
		{EB4421BB-4402-4382-B95C-C9F1BC9F7D61}.Release|x64.Build.0 = Release|Any CPU
		{EB4421BB-4402-4382-B95C-C9F1BC9F7D61}.Release|x86.ActiveCfg = Release|Any CPU
		{EB4421BB-4402-4382-B95C-C9F1BC9F7D61}.Release|x86.Build.0 = Release|Any CPU
		{816458D1-15C1-42FA-A374-3B170AF4987C}.Debug|Any CPU.ActiveCfg = Debug|Any CPU
		{816458D1-15C1-42FA-A374-3B170AF4987C}.Debug|Any CPU.Build.0 = Debug|Any CPU
		{816458D1-15C1-42FA-A374-3B170AF4987C}.Debug|ARM.ActiveCfg = Debug|Any CPU
		{816458D1-15C1-42FA-A374-3B170AF4987C}.Debug|ARM.Build.0 = Debug|Any CPU
		{816458D1-15C1-42FA-A374-3B170AF4987C}.Debug|x64.ActiveCfg = Debug|Any CPU
		{816458D1-15C1-42FA-A374-3B170AF4987C}.Debug|x64.Build.0 = Debug|Any CPU
		{816458D1-15C1-42FA-A374-3B170AF4987C}.Debug|x86.ActiveCfg = Debug|Any CPU
		{816458D1-15C1-42FA-A374-3B170AF4987C}.Debug|x86.Build.0 = Debug|Any CPU
		{816458D1-15C1-42FA-A374-3B170AF4987C}.Release|Any CPU.ActiveCfg = Release|Any CPU
		{816458D1-15C1-42FA-A374-3B170AF4987C}.Release|Any CPU.Build.0 = Release|Any CPU
		{816458D1-15C1-42FA-A374-3B170AF4987C}.Release|ARM.ActiveCfg = Release|Any CPU
		{816458D1-15C1-42FA-A374-3B170AF4987C}.Release|ARM.Build.0 = Release|Any CPU
		{816458D1-15C1-42FA-A374-3B170AF4987C}.Release|x64.ActiveCfg = Release|Any CPU
		{816458D1-15C1-42FA-A374-3B170AF4987C}.Release|x64.Build.0 = Release|Any CPU
		{816458D1-15C1-42FA-A374-3B170AF4987C}.Release|x86.ActiveCfg = Release|Any CPU
		{816458D1-15C1-42FA-A374-3B170AF4987C}.Release|x86.Build.0 = Release|Any CPU
		{0F387960-A05E-4AE8-94F2-91DD7656870E}.Debug|Any CPU.ActiveCfg = Debug|Any CPU
		{0F387960-A05E-4AE8-94F2-91DD7656870E}.Debug|Any CPU.Build.0 = Debug|Any CPU
		{0F387960-A05E-4AE8-94F2-91DD7656870E}.Debug|ARM.ActiveCfg = Debug|Any CPU
		{0F387960-A05E-4AE8-94F2-91DD7656870E}.Debug|ARM.Build.0 = Debug|Any CPU
		{0F387960-A05E-4AE8-94F2-91DD7656870E}.Debug|x64.ActiveCfg = Debug|Any CPU
		{0F387960-A05E-4AE8-94F2-91DD7656870E}.Debug|x64.Build.0 = Debug|Any CPU
		{0F387960-A05E-4AE8-94F2-91DD7656870E}.Debug|x86.ActiveCfg = Debug|Any CPU
		{0F387960-A05E-4AE8-94F2-91DD7656870E}.Debug|x86.Build.0 = Debug|Any CPU
		{0F387960-A05E-4AE8-94F2-91DD7656870E}.Release|Any CPU.ActiveCfg = Release|Any CPU
		{0F387960-A05E-4AE8-94F2-91DD7656870E}.Release|Any CPU.Build.0 = Release|Any CPU
		{0F387960-A05E-4AE8-94F2-91DD7656870E}.Release|ARM.ActiveCfg = Release|Any CPU
		{0F387960-A05E-4AE8-94F2-91DD7656870E}.Release|ARM.Build.0 = Release|Any CPU
		{0F387960-A05E-4AE8-94F2-91DD7656870E}.Release|x64.ActiveCfg = Release|Any CPU
		{0F387960-A05E-4AE8-94F2-91DD7656870E}.Release|x64.Build.0 = Release|Any CPU
		{0F387960-A05E-4AE8-94F2-91DD7656870E}.Release|x86.ActiveCfg = Release|Any CPU
		{0F387960-A05E-4AE8-94F2-91DD7656870E}.Release|x86.Build.0 = Release|Any CPU
		{27EEEEB6-79E3-41DF-A91E-CAF34F3CD5AC}.Debug|Any CPU.ActiveCfg = Debug|Any CPU
		{27EEEEB6-79E3-41DF-A91E-CAF34F3CD5AC}.Debug|Any CPU.Build.0 = Debug|Any CPU
		{27EEEEB6-79E3-41DF-A91E-CAF34F3CD5AC}.Debug|ARM.ActiveCfg = Debug|Any CPU
		{27EEEEB6-79E3-41DF-A91E-CAF34F3CD5AC}.Debug|ARM.Build.0 = Debug|Any CPU
		{27EEEEB6-79E3-41DF-A91E-CAF34F3CD5AC}.Debug|x64.ActiveCfg = Debug|Any CPU
		{27EEEEB6-79E3-41DF-A91E-CAF34F3CD5AC}.Debug|x64.Build.0 = Debug|Any CPU
		{27EEEEB6-79E3-41DF-A91E-CAF34F3CD5AC}.Debug|x86.ActiveCfg = Debug|Any CPU
		{27EEEEB6-79E3-41DF-A91E-CAF34F3CD5AC}.Debug|x86.Build.0 = Debug|Any CPU
		{27EEEEB6-79E3-41DF-A91E-CAF34F3CD5AC}.Release|Any CPU.ActiveCfg = Release|Any CPU
		{27EEEEB6-79E3-41DF-A91E-CAF34F3CD5AC}.Release|Any CPU.Build.0 = Release|Any CPU
		{27EEEEB6-79E3-41DF-A91E-CAF34F3CD5AC}.Release|ARM.ActiveCfg = Release|Any CPU
		{27EEEEB6-79E3-41DF-A91E-CAF34F3CD5AC}.Release|ARM.Build.0 = Release|Any CPU
		{27EEEEB6-79E3-41DF-A91E-CAF34F3CD5AC}.Release|x64.ActiveCfg = Release|Any CPU
		{27EEEEB6-79E3-41DF-A91E-CAF34F3CD5AC}.Release|x64.Build.0 = Release|Any CPU
		{27EEEEB6-79E3-41DF-A91E-CAF34F3CD5AC}.Release|x86.ActiveCfg = Release|Any CPU
		{27EEEEB6-79E3-41DF-A91E-CAF34F3CD5AC}.Release|x86.Build.0 = Release|Any CPU
		{FD326CFE-EEBA-4525-A81D-214BBFDF95CC}.Debug|Any CPU.ActiveCfg = Debug|Any CPU
		{FD326CFE-EEBA-4525-A81D-214BBFDF95CC}.Debug|Any CPU.Build.0 = Debug|Any CPU
		{FD326CFE-EEBA-4525-A81D-214BBFDF95CC}.Debug|ARM.ActiveCfg = Debug|Any CPU
		{FD326CFE-EEBA-4525-A81D-214BBFDF95CC}.Debug|ARM.Build.0 = Debug|Any CPU
		{FD326CFE-EEBA-4525-A81D-214BBFDF95CC}.Debug|x64.ActiveCfg = Debug|Any CPU
		{FD326CFE-EEBA-4525-A81D-214BBFDF95CC}.Debug|x64.Build.0 = Debug|Any CPU
		{FD326CFE-EEBA-4525-A81D-214BBFDF95CC}.Debug|x86.ActiveCfg = Debug|Any CPU
		{FD326CFE-EEBA-4525-A81D-214BBFDF95CC}.Debug|x86.Build.0 = Debug|Any CPU
		{FD326CFE-EEBA-4525-A81D-214BBFDF95CC}.Release|Any CPU.ActiveCfg = Release|Any CPU
		{FD326CFE-EEBA-4525-A81D-214BBFDF95CC}.Release|Any CPU.Build.0 = Release|Any CPU
		{FD326CFE-EEBA-4525-A81D-214BBFDF95CC}.Release|ARM.ActiveCfg = Release|Any CPU
		{FD326CFE-EEBA-4525-A81D-214BBFDF95CC}.Release|ARM.Build.0 = Release|Any CPU
		{FD326CFE-EEBA-4525-A81D-214BBFDF95CC}.Release|x64.ActiveCfg = Release|Any CPU
		{FD326CFE-EEBA-4525-A81D-214BBFDF95CC}.Release|x64.Build.0 = Release|Any CPU
		{FD326CFE-EEBA-4525-A81D-214BBFDF95CC}.Release|x86.ActiveCfg = Release|Any CPU
		{FD326CFE-EEBA-4525-A81D-214BBFDF95CC}.Release|x86.Build.0 = Release|Any CPU
		{63CF9289-FB84-49FE-8628-E36B0A83FFF7}.Debug|Any CPU.ActiveCfg = Debug|Any CPU
		{63CF9289-FB84-49FE-8628-E36B0A83FFF7}.Debug|Any CPU.Build.0 = Debug|Any CPU
		{63CF9289-FB84-49FE-8628-E36B0A83FFF7}.Debug|ARM.ActiveCfg = Debug|Any CPU
		{63CF9289-FB84-49FE-8628-E36B0A83FFF7}.Debug|ARM.Build.0 = Debug|Any CPU
		{63CF9289-FB84-49FE-8628-E36B0A83FFF7}.Debug|x64.ActiveCfg = Debug|Any CPU
		{63CF9289-FB84-49FE-8628-E36B0A83FFF7}.Debug|x64.Build.0 = Debug|Any CPU
		{63CF9289-FB84-49FE-8628-E36B0A83FFF7}.Debug|x86.ActiveCfg = Debug|Any CPU
		{63CF9289-FB84-49FE-8628-E36B0A83FFF7}.Debug|x86.Build.0 = Debug|Any CPU
		{63CF9289-FB84-49FE-8628-E36B0A83FFF7}.Release|Any CPU.ActiveCfg = Release|Any CPU
		{63CF9289-FB84-49FE-8628-E36B0A83FFF7}.Release|Any CPU.Build.0 = Release|Any CPU
		{63CF9289-FB84-49FE-8628-E36B0A83FFF7}.Release|ARM.ActiveCfg = Release|Any CPU
		{63CF9289-FB84-49FE-8628-E36B0A83FFF7}.Release|ARM.Build.0 = Release|Any CPU
		{63CF9289-FB84-49FE-8628-E36B0A83FFF7}.Release|x64.ActiveCfg = Release|Any CPU
		{63CF9289-FB84-49FE-8628-E36B0A83FFF7}.Release|x64.Build.0 = Release|Any CPU
		{63CF9289-FB84-49FE-8628-E36B0A83FFF7}.Release|x86.ActiveCfg = Release|Any CPU
		{63CF9289-FB84-49FE-8628-E36B0A83FFF7}.Release|x86.Build.0 = Release|Any CPU
		{C267695F-E896-4381-B9FD-EA19DC520691}.Debug|Any CPU.ActiveCfg = Debug|Any CPU
		{C267695F-E896-4381-B9FD-EA19DC520691}.Debug|Any CPU.Build.0 = Debug|Any CPU
		{C267695F-E896-4381-B9FD-EA19DC520691}.Debug|ARM.ActiveCfg = Debug|Any CPU
		{C267695F-E896-4381-B9FD-EA19DC520691}.Debug|ARM.Build.0 = Debug|Any CPU
		{C267695F-E896-4381-B9FD-EA19DC520691}.Debug|x64.ActiveCfg = Debug|Any CPU
		{C267695F-E896-4381-B9FD-EA19DC520691}.Debug|x64.Build.0 = Debug|Any CPU
		{C267695F-E896-4381-B9FD-EA19DC520691}.Debug|x86.ActiveCfg = Debug|Any CPU
		{C267695F-E896-4381-B9FD-EA19DC520691}.Debug|x86.Build.0 = Debug|Any CPU
		{C267695F-E896-4381-B9FD-EA19DC520691}.Release|Any CPU.ActiveCfg = Release|Any CPU
		{C267695F-E896-4381-B9FD-EA19DC520691}.Release|Any CPU.Build.0 = Release|Any CPU
		{C267695F-E896-4381-B9FD-EA19DC520691}.Release|ARM.ActiveCfg = Release|Any CPU
		{C267695F-E896-4381-B9FD-EA19DC520691}.Release|ARM.Build.0 = Release|Any CPU
		{C267695F-E896-4381-B9FD-EA19DC520691}.Release|x64.ActiveCfg = Release|Any CPU
		{C267695F-E896-4381-B9FD-EA19DC520691}.Release|x64.Build.0 = Release|Any CPU
		{C267695F-E896-4381-B9FD-EA19DC520691}.Release|x86.ActiveCfg = Release|Any CPU
		{C267695F-E896-4381-B9FD-EA19DC520691}.Release|x86.Build.0 = Release|Any CPU
		{74452254-AB32-4DA3-8FF0-7A94BC49C67E}.Debug|Any CPU.ActiveCfg = Debug|Any CPU
		{74452254-AB32-4DA3-8FF0-7A94BC49C67E}.Debug|Any CPU.Build.0 = Debug|Any CPU
		{74452254-AB32-4DA3-8FF0-7A94BC49C67E}.Debug|ARM.ActiveCfg = Debug|Any CPU
		{74452254-AB32-4DA3-8FF0-7A94BC49C67E}.Debug|ARM.Build.0 = Debug|Any CPU
		{74452254-AB32-4DA3-8FF0-7A94BC49C67E}.Debug|x64.ActiveCfg = Debug|Any CPU
		{74452254-AB32-4DA3-8FF0-7A94BC49C67E}.Debug|x64.Build.0 = Debug|Any CPU
		{74452254-AB32-4DA3-8FF0-7A94BC49C67E}.Debug|x86.ActiveCfg = Debug|Any CPU
		{74452254-AB32-4DA3-8FF0-7A94BC49C67E}.Debug|x86.Build.0 = Debug|Any CPU
		{74452254-AB32-4DA3-8FF0-7A94BC49C67E}.Release|Any CPU.ActiveCfg = Release|Any CPU
		{74452254-AB32-4DA3-8FF0-7A94BC49C67E}.Release|Any CPU.Build.0 = Release|Any CPU
		{74452254-AB32-4DA3-8FF0-7A94BC49C67E}.Release|ARM.ActiveCfg = Release|Any CPU
		{74452254-AB32-4DA3-8FF0-7A94BC49C67E}.Release|ARM.Build.0 = Release|Any CPU
		{74452254-AB32-4DA3-8FF0-7A94BC49C67E}.Release|x64.ActiveCfg = Release|Any CPU
		{74452254-AB32-4DA3-8FF0-7A94BC49C67E}.Release|x64.Build.0 = Release|Any CPU
		{74452254-AB32-4DA3-8FF0-7A94BC49C67E}.Release|x86.ActiveCfg = Release|Any CPU
		{74452254-AB32-4DA3-8FF0-7A94BC49C67E}.Release|x86.Build.0 = Release|Any CPU
		{B10DC39A-7A7F-4BB9-ADC7-ED41A7C27EDF}.Debug|Any CPU.ActiveCfg = Debug|Any CPU
		{B10DC39A-7A7F-4BB9-ADC7-ED41A7C27EDF}.Debug|Any CPU.Build.0 = Debug|Any CPU
		{B10DC39A-7A7F-4BB9-ADC7-ED41A7C27EDF}.Debug|ARM.ActiveCfg = Debug|Any CPU
		{B10DC39A-7A7F-4BB9-ADC7-ED41A7C27EDF}.Debug|ARM.Build.0 = Debug|Any CPU
		{B10DC39A-7A7F-4BB9-ADC7-ED41A7C27EDF}.Debug|x64.ActiveCfg = Debug|Any CPU
		{B10DC39A-7A7F-4BB9-ADC7-ED41A7C27EDF}.Debug|x64.Build.0 = Debug|Any CPU
		{B10DC39A-7A7F-4BB9-ADC7-ED41A7C27EDF}.Debug|x86.ActiveCfg = Debug|Any CPU
		{B10DC39A-7A7F-4BB9-ADC7-ED41A7C27EDF}.Debug|x86.Build.0 = Debug|Any CPU
		{B10DC39A-7A7F-4BB9-ADC7-ED41A7C27EDF}.Release|Any CPU.ActiveCfg = Release|Any CPU
		{B10DC39A-7A7F-4BB9-ADC7-ED41A7C27EDF}.Release|Any CPU.Build.0 = Release|Any CPU
		{B10DC39A-7A7F-4BB9-ADC7-ED41A7C27EDF}.Release|ARM.ActiveCfg = Release|Any CPU
		{B10DC39A-7A7F-4BB9-ADC7-ED41A7C27EDF}.Release|ARM.Build.0 = Release|Any CPU
		{B10DC39A-7A7F-4BB9-ADC7-ED41A7C27EDF}.Release|x64.ActiveCfg = Release|Any CPU
		{B10DC39A-7A7F-4BB9-ADC7-ED41A7C27EDF}.Release|x64.Build.0 = Release|Any CPU
		{B10DC39A-7A7F-4BB9-ADC7-ED41A7C27EDF}.Release|x86.ActiveCfg = Release|Any CPU
		{B10DC39A-7A7F-4BB9-ADC7-ED41A7C27EDF}.Release|x86.Build.0 = Release|Any CPU
		{2B22090F-B53F-4974-9612-005E93768934}.Debug|Any CPU.ActiveCfg = Debug|Any CPU
		{2B22090F-B53F-4974-9612-005E93768934}.Debug|Any CPU.Build.0 = Debug|Any CPU
		{2B22090F-B53F-4974-9612-005E93768934}.Debug|ARM.ActiveCfg = Debug|Any CPU
		{2B22090F-B53F-4974-9612-005E93768934}.Debug|ARM.Build.0 = Debug|Any CPU
		{2B22090F-B53F-4974-9612-005E93768934}.Debug|x64.ActiveCfg = Debug|Any CPU
		{2B22090F-B53F-4974-9612-005E93768934}.Debug|x64.Build.0 = Debug|Any CPU
		{2B22090F-B53F-4974-9612-005E93768934}.Debug|x86.ActiveCfg = Debug|Any CPU
		{2B22090F-B53F-4974-9612-005E93768934}.Debug|x86.Build.0 = Debug|Any CPU
		{2B22090F-B53F-4974-9612-005E93768934}.Release|Any CPU.ActiveCfg = Release|Any CPU
		{2B22090F-B53F-4974-9612-005E93768934}.Release|Any CPU.Build.0 = Release|Any CPU
		{2B22090F-B53F-4974-9612-005E93768934}.Release|ARM.ActiveCfg = Release|Any CPU
		{2B22090F-B53F-4974-9612-005E93768934}.Release|ARM.Build.0 = Release|Any CPU
		{2B22090F-B53F-4974-9612-005E93768934}.Release|x64.ActiveCfg = Release|Any CPU
		{2B22090F-B53F-4974-9612-005E93768934}.Release|x64.Build.0 = Release|Any CPU
		{2B22090F-B53F-4974-9612-005E93768934}.Release|x86.ActiveCfg = Release|Any CPU
		{2B22090F-B53F-4974-9612-005E93768934}.Release|x86.Build.0 = Release|Any CPU
		{FF2E2835-E95F-4078-ABC8-3836D73287A0}.Debug|Any CPU.ActiveCfg = Debug|Any CPU
		{FF2E2835-E95F-4078-ABC8-3836D73287A0}.Debug|Any CPU.Build.0 = Debug|Any CPU
		{FF2E2835-E95F-4078-ABC8-3836D73287A0}.Debug|Any CPU.Deploy.0 = Debug|Any CPU
		{FF2E2835-E95F-4078-ABC8-3836D73287A0}.Debug|ARM.ActiveCfg = Debug|Any CPU
		{FF2E2835-E95F-4078-ABC8-3836D73287A0}.Debug|ARM.Build.0 = Debug|Any CPU
		{FF2E2835-E95F-4078-ABC8-3836D73287A0}.Debug|ARM.Deploy.0 = Debug|Any CPU
		{FF2E2835-E95F-4078-ABC8-3836D73287A0}.Debug|x64.ActiveCfg = Debug|Any CPU
		{FF2E2835-E95F-4078-ABC8-3836D73287A0}.Debug|x64.Build.0 = Debug|Any CPU
		{FF2E2835-E95F-4078-ABC8-3836D73287A0}.Debug|x64.Deploy.0 = Debug|Any CPU
		{FF2E2835-E95F-4078-ABC8-3836D73287A0}.Debug|x86.ActiveCfg = Debug|Any CPU
		{FF2E2835-E95F-4078-ABC8-3836D73287A0}.Debug|x86.Build.0 = Debug|Any CPU
		{FF2E2835-E95F-4078-ABC8-3836D73287A0}.Debug|x86.Deploy.0 = Debug|Any CPU
		{FF2E2835-E95F-4078-ABC8-3836D73287A0}.Release|Any CPU.ActiveCfg = Release|Any CPU
		{FF2E2835-E95F-4078-ABC8-3836D73287A0}.Release|Any CPU.Build.0 = Release|Any CPU
		{FF2E2835-E95F-4078-ABC8-3836D73287A0}.Release|Any CPU.Deploy.0 = Release|Any CPU
		{FF2E2835-E95F-4078-ABC8-3836D73287A0}.Release|ARM.ActiveCfg = Release|Any CPU
		{FF2E2835-E95F-4078-ABC8-3836D73287A0}.Release|ARM.Build.0 = Release|Any CPU
		{FF2E2835-E95F-4078-ABC8-3836D73287A0}.Release|ARM.Deploy.0 = Release|Any CPU
		{FF2E2835-E95F-4078-ABC8-3836D73287A0}.Release|x64.ActiveCfg = Release|Any CPU
		{FF2E2835-E95F-4078-ABC8-3836D73287A0}.Release|x64.Build.0 = Release|Any CPU
		{FF2E2835-E95F-4078-ABC8-3836D73287A0}.Release|x64.Deploy.0 = Release|Any CPU
		{FF2E2835-E95F-4078-ABC8-3836D73287A0}.Release|x86.ActiveCfg = Release|Any CPU
		{FF2E2835-E95F-4078-ABC8-3836D73287A0}.Release|x86.Build.0 = Release|Any CPU
		{FF2E2835-E95F-4078-ABC8-3836D73287A0}.Release|x86.Deploy.0 = Release|Any CPU
		{972F676D-8C20-4323-882F-9E4125560773}.Debug|Any CPU.ActiveCfg = Debug|x64
		{972F676D-8C20-4323-882F-9E4125560773}.Debug|Any CPU.Build.0 = Debug|x64
		{972F676D-8C20-4323-882F-9E4125560773}.Debug|Any CPU.Deploy.0 = Debug|x64
		{972F676D-8C20-4323-882F-9E4125560773}.Debug|ARM.ActiveCfg = Debug|ARM
		{972F676D-8C20-4323-882F-9E4125560773}.Debug|ARM.Build.0 = Debug|ARM
		{972F676D-8C20-4323-882F-9E4125560773}.Debug|ARM.Deploy.0 = Debug|ARM
		{972F676D-8C20-4323-882F-9E4125560773}.Debug|x64.ActiveCfg = Debug|x64
		{972F676D-8C20-4323-882F-9E4125560773}.Debug|x64.Build.0 = Debug|x64
		{972F676D-8C20-4323-882F-9E4125560773}.Debug|x64.Deploy.0 = Debug|x64
		{972F676D-8C20-4323-882F-9E4125560773}.Debug|x86.ActiveCfg = Debug|x86
		{972F676D-8C20-4323-882F-9E4125560773}.Debug|x86.Build.0 = Debug|x86
		{972F676D-8C20-4323-882F-9E4125560773}.Debug|x86.Deploy.0 = Debug|x86
		{972F676D-8C20-4323-882F-9E4125560773}.Release|Any CPU.ActiveCfg = Release|x64
		{972F676D-8C20-4323-882F-9E4125560773}.Release|Any CPU.Build.0 = Release|x64
		{972F676D-8C20-4323-882F-9E4125560773}.Release|Any CPU.Deploy.0 = Release|x64
		{972F676D-8C20-4323-882F-9E4125560773}.Release|ARM.ActiveCfg = Release|ARM
		{972F676D-8C20-4323-882F-9E4125560773}.Release|ARM.Build.0 = Release|ARM
		{972F676D-8C20-4323-882F-9E4125560773}.Release|ARM.Deploy.0 = Release|ARM
		{972F676D-8C20-4323-882F-9E4125560773}.Release|x64.ActiveCfg = Release|x64
		{972F676D-8C20-4323-882F-9E4125560773}.Release|x64.Build.0 = Release|x64
		{972F676D-8C20-4323-882F-9E4125560773}.Release|x64.Deploy.0 = Release|x64
		{972F676D-8C20-4323-882F-9E4125560773}.Release|x86.ActiveCfg = Release|x86
		{972F676D-8C20-4323-882F-9E4125560773}.Release|x86.Build.0 = Release|x86
		{972F676D-8C20-4323-882F-9E4125560773}.Release|x86.Deploy.0 = Release|x86
		{4D35038A-4050-4204-930E-FD0280825846}.Debug|Any CPU.ActiveCfg = Debug|Any CPU
		{4D35038A-4050-4204-930E-FD0280825846}.Debug|Any CPU.Build.0 = Debug|Any CPU
		{4D35038A-4050-4204-930E-FD0280825846}.Debug|ARM.ActiveCfg = Debug|Any CPU
		{4D35038A-4050-4204-930E-FD0280825846}.Debug|ARM.Build.0 = Debug|Any CPU
		{4D35038A-4050-4204-930E-FD0280825846}.Debug|x64.ActiveCfg = Debug|Any CPU
		{4D35038A-4050-4204-930E-FD0280825846}.Debug|x64.Build.0 = Debug|Any CPU
		{4D35038A-4050-4204-930E-FD0280825846}.Debug|x86.ActiveCfg = Debug|Any CPU
		{4D35038A-4050-4204-930E-FD0280825846}.Debug|x86.Build.0 = Debug|Any CPU
		{4D35038A-4050-4204-930E-FD0280825846}.Release|Any CPU.ActiveCfg = Release|Any CPU
		{4D35038A-4050-4204-930E-FD0280825846}.Release|Any CPU.Build.0 = Release|Any CPU
		{4D35038A-4050-4204-930E-FD0280825846}.Release|ARM.ActiveCfg = Release|Any CPU
		{4D35038A-4050-4204-930E-FD0280825846}.Release|ARM.Build.0 = Release|Any CPU
		{4D35038A-4050-4204-930E-FD0280825846}.Release|x64.ActiveCfg = Release|Any CPU
		{4D35038A-4050-4204-930E-FD0280825846}.Release|x64.Build.0 = Release|Any CPU
		{4D35038A-4050-4204-930E-FD0280825846}.Release|x86.ActiveCfg = Release|Any CPU
		{4D35038A-4050-4204-930E-FD0280825846}.Release|x86.Build.0 = Release|Any CPU
		{A4AFD7DB-A82A-48B3-AEC3-E7E119EA1FAA}.Debug|Any CPU.ActiveCfg = Debug|Any CPU
		{A4AFD7DB-A82A-48B3-AEC3-E7E119EA1FAA}.Debug|Any CPU.Build.0 = Debug|Any CPU
		{A4AFD7DB-A82A-48B3-AEC3-E7E119EA1FAA}.Debug|ARM.ActiveCfg = Debug|Any CPU
		{A4AFD7DB-A82A-48B3-AEC3-E7E119EA1FAA}.Debug|ARM.Build.0 = Debug|Any CPU
		{A4AFD7DB-A82A-48B3-AEC3-E7E119EA1FAA}.Debug|x64.ActiveCfg = Debug|Any CPU
		{A4AFD7DB-A82A-48B3-AEC3-E7E119EA1FAA}.Debug|x64.Build.0 = Debug|Any CPU
		{A4AFD7DB-A82A-48B3-AEC3-E7E119EA1FAA}.Debug|x86.ActiveCfg = Debug|Any CPU
		{A4AFD7DB-A82A-48B3-AEC3-E7E119EA1FAA}.Debug|x86.Build.0 = Debug|Any CPU
		{A4AFD7DB-A82A-48B3-AEC3-E7E119EA1FAA}.Release|Any CPU.ActiveCfg = Debug|Any CPU
		{A4AFD7DB-A82A-48B3-AEC3-E7E119EA1FAA}.Release|Any CPU.Build.0 = Debug|Any CPU
		{A4AFD7DB-A82A-48B3-AEC3-E7E119EA1FAA}.Release|ARM.ActiveCfg = Debug|Any CPU
		{A4AFD7DB-A82A-48B3-AEC3-E7E119EA1FAA}.Release|ARM.Build.0 = Debug|Any CPU
		{A4AFD7DB-A82A-48B3-AEC3-E7E119EA1FAA}.Release|x64.ActiveCfg = Debug|Any CPU
		{A4AFD7DB-A82A-48B3-AEC3-E7E119EA1FAA}.Release|x64.Build.0 = Debug|Any CPU
		{A4AFD7DB-A82A-48B3-AEC3-E7E119EA1FAA}.Release|x86.ActiveCfg = Debug|Any CPU
		{A4AFD7DB-A82A-48B3-AEC3-E7E119EA1FAA}.Release|x86.Build.0 = Debug|Any CPU
	EndGlobalSection
	GlobalSection(SolutionProperties) = preSolution
		HideSolutionNode = FALSE
	EndGlobalSection
	GlobalSection(NestedProjects) = preSolution
		{D188F6AC-5FFF-4393-812A-B162F1223A80} = {96259134-72D4-4092-AB64-1A2537CF008E}
		{612BA317-CCCC-4E0F-8859-B778B806DA48} = {96259134-72D4-4092-AB64-1A2537CF008E}
		{0F2F94C8-41CE-46D8-AFA5-905ED5229622} = {96259134-72D4-4092-AB64-1A2537CF008E}
		{CF038F31-CC94-46BE-8442-0D2AF00B674C} = {96259134-72D4-4092-AB64-1A2537CF008E}
		{956E5421-5FE6-48CD-81B6-B49B696DB518} = {96259134-72D4-4092-AB64-1A2537CF008E}
		{BC718038-8AC2-421C-A0C4-E2C1738D3E4B} = {96259134-72D4-4092-AB64-1A2537CF008E}
		{14AA2ECD-F845-482C-B56C-3871EF393C4A} = {96259134-72D4-4092-AB64-1A2537CF008E}
		{CC74501C-8D56-45FC-817E-1AB0D021AAD7} = {96259134-72D4-4092-AB64-1A2537CF008E}
		{EE9ADEF6-4C0C-4E78-B1EB-E97FC137A2D2} = {96259134-72D4-4092-AB64-1A2537CF008E}
		{33D9093C-DFD0-470B-8038-1E4CD0737BD5} = {96259134-72D4-4092-AB64-1A2537CF008E}
		{FDA79FC7-FF6B-41C0-B170-4DA4B48DD514} = {96259134-72D4-4092-AB64-1A2537CF008E}
		{41035B7A-5992-4419-A11F-75AD7B0D35E7} = {96259134-72D4-4092-AB64-1A2537CF008E}
		{EB4421BB-4402-4382-B95C-C9F1BC9F7D61} = {96259134-72D4-4092-AB64-1A2537CF008E}
		{816458D1-15C1-42FA-A374-3B170AF4987C} = {96259134-72D4-4092-AB64-1A2537CF008E}
		{5D92AFF4-E921-4800-9063-8C0D5B399DC3} = {EC4061A6-8BE3-4B47-9D89-4618F2F8C24B}
		{AFA557B8-00F6-4AA9-BFDA-D7C3F2086326} = {EC4061A6-8BE3-4B47-9D89-4618F2F8C24B}
		{0F387960-A05E-4AE8-94F2-91DD7656870E} = {5D92AFF4-E921-4800-9063-8C0D5B399DC3}
		{27EEEEB6-79E3-41DF-A91E-CAF34F3CD5AC} = {5D92AFF4-E921-4800-9063-8C0D5B399DC3}
		{FD326CFE-EEBA-4525-A81D-214BBFDF95CC} = {5D92AFF4-E921-4800-9063-8C0D5B399DC3}
		{63CF9289-FB84-49FE-8628-E36B0A83FFF7} = {5D92AFF4-E921-4800-9063-8C0D5B399DC3}
		{C267695F-E896-4381-B9FD-EA19DC520691} = {5D92AFF4-E921-4800-9063-8C0D5B399DC3}
		{74452254-AB32-4DA3-8FF0-7A94BC49C67E} = {AFA557B8-00F6-4AA9-BFDA-D7C3F2086326}
		{B10DC39A-7A7F-4BB9-ADC7-ED41A7C27EDF} = {AFA557B8-00F6-4AA9-BFDA-D7C3F2086326}
		{2B22090F-B53F-4974-9612-005E93768934} = {EC4061A6-8BE3-4B47-9D89-4618F2F8C24B}
		{FF2E2835-E95F-4078-ABC8-3836D73287A0} = {EC4061A6-8BE3-4B47-9D89-4618F2F8C24B}
		{972F676D-8C20-4323-882F-9E4125560773} = {EC4061A6-8BE3-4B47-9D89-4618F2F8C24B}
		{4D35038A-4050-4204-930E-FD0280825846} = {AFA557B8-00F6-4AA9-BFDA-D7C3F2086326}
		{A4AFD7DB-A82A-48B3-AEC3-E7E119EA1FAA} = {B29BB7C7-3FA4-41BA-89FD-7C46FB3BD825}
	EndGlobalSection
	GlobalSection(ExtensibilityGlobals) = postSolution
		SolutionGuid = {BD63F0F1-8789-46FE-80D7-59C7A54FF165}
	EndGlobalSection
EndGlobal
